// !$*UTF8*$!
{
	archiveVersion = 1;
	classes = {
	};
	objectVersion = 46;
	objects = {

/* Begin PBXBuildFile section */
		1E0980AD1D9BD04300AD4189 /* AppDelegate.swift in Sources */ = {isa = PBXBuildFile; fileRef = 1E0980AC1D9BD04300AD4189 /* AppDelegate.swift */; };
		1E0980AF1D9BD04300AD4189 /* ViewController.swift in Sources */ = {isa = PBXBuildFile; fileRef = 1E0980AE1D9BD04300AD4189 /* ViewController.swift */; };
		1E0980B21D9BD04300AD4189 /* Main.storyboard in Resources */ = {isa = PBXBuildFile; fileRef = 1E0980B01D9BD04300AD4189 /* Main.storyboard */; };
		1E0980B41D9BD04300AD4189 /* Assets.xcassets in Resources */ = {isa = PBXBuildFile; fileRef = 1E0980B31D9BD04300AD4189 /* Assets.xcassets */; };
		1E0980B71D9BD04300AD4189 /* LaunchScreen.storyboard in Resources */ = {isa = PBXBuildFile; fileRef = 1E0980B51D9BD04300AD4189 /* LaunchScreen.storyboard */; };
		1E0980C21D9BD04300AD4189 /* movingLedTests.swift in Sources */ = {isa = PBXBuildFile; fileRef = 1E0980C11D9BD04300AD4189 /* movingLedTests.swift */; };
		1E0980CD1D9BD04300AD4189 /* movingLedUITests.swift in Sources */ = {isa = PBXBuildFile; fileRef = 1E0980CC1D9BD04300AD4189 /* movingLedUITests.swift */; };
/* End PBXBuildFile section */

/* Begin PBXContainerItemProxy section */
		1E0980BE1D9BD04300AD4189 /* PBXContainerItemProxy */ = {
			isa = PBXContainerItemProxy;
			containerPortal = 1E0980A11D9BD04300AD4189 /* Project object */;
			proxyType = 1;
			remoteGlobalIDString = 1E0980A81D9BD04300AD4189;
			remoteInfo = movingLed;
		};
		1E0980C91D9BD04300AD4189 /* PBXContainerItemProxy */ = {
			isa = PBXContainerItemProxy;
			containerPortal = 1E0980A11D9BD04300AD4189 /* Project object */;
			proxyType = 1;
			remoteGlobalIDString = 1E0980A81D9BD04300AD4189;
			remoteInfo = movingLed;
		};
/* End PBXContainerItemProxy section */

/* Begin PBXFileReference section */
		1E0980A91D9BD04300AD4189 /* movingLed.app */ = {isa = PBXFileReference; explicitFileType = wrapper.application; includeInIndex = 0; path = movingLed.app; sourceTree = BUILT_PRODUCTS_DIR; };
		1E0980AC1D9BD04300AD4189 /* AppDelegate.swift */ = {isa = PBXFileReference; lastKnownFileType = sourcecode.swift; path = AppDelegate.swift; sourceTree = "<group>"; };
		1E0980AE1D9BD04300AD4189 /* ViewController.swift */ = {isa = PBXFileReference; lastKnownFileType = sourcecode.swift; path = ViewController.swift; sourceTree = "<group>"; };
		1E0980B11D9BD04300AD4189 /* Base */ = {isa = PBXFileReference; lastKnownFileType = file.storyboard; name = Base; path = Base.lproj/Main.storyboard; sourceTree = "<group>"; };
		1E0980B31D9BD04300AD4189 /* Assets.xcassets */ = {isa = PBXFileReference; lastKnownFileType = folder.assetcatalog; path = Assets.xcassets; sourceTree = "<group>"; };
		1E0980B61D9BD04300AD4189 /* Base */ = {isa = PBXFileReference; lastKnownFileType = file.storyboard; name = Base; path = Base.lproj/LaunchScreen.storyboard; sourceTree = "<group>"; };
		1E0980B81D9BD04300AD4189 /* Info.plist */ = {isa = PBXFileReference; lastKnownFileType = text.plist.xml; path = Info.plist; sourceTree = "<group>"; };
		1E0980BD1D9BD04300AD4189 /* movingLedTests.xctest */ = {isa = PBXFileReference; explicitFileType = wrapper.cfbundle; includeInIndex = 0; path = movingLedTests.xctest; sourceTree = BUILT_PRODUCTS_DIR; };
		1E0980C11D9BD04300AD4189 /* movingLedTests.swift */ = {isa = PBXFileReference; lastKnownFileType = sourcecode.swift; path = movingLedTests.swift; sourceTree = "<group>"; };
		1E0980C31D9BD04300AD4189 /* Info.plist */ = {isa = PBXFileReference; lastKnownFileType = text.plist.xml; path = Info.plist; sourceTree = "<group>"; };
		1E0980C81D9BD04300AD4189 /* movingLedUITests.xctest */ = {isa = PBXFileReference; explicitFileType = wrapper.cfbundle; includeInIndex = 0; path = movingLedUITests.xctest; sourceTree = BUILT_PRODUCTS_DIR; };
		1E0980CC1D9BD04300AD4189 /* movingLedUITests.swift */ = {isa = PBXFileReference; lastKnownFileType = sourcecode.swift; path = movingLedUITests.swift; sourceTree = "<group>"; };
		1E0980CE1D9BD04300AD4189 /* Info.plist */ = {isa = PBXFileReference; lastKnownFileType = text.plist.xml; path = Info.plist; sourceTree = "<group>"; };
/* End PBXFileReference section */

/* Begin PBXFrameworksBuildPhase section */
		1E0980A61D9BD04300AD4189 /* Frameworks */ = {
			isa = PBXFrameworksBuildPhase;
			buildActionMask = 2147483647;
			files = (
			);
			runOnlyForDeploymentPostprocessing = 0;
		};
		1E0980BA1D9BD04300AD4189 /* Frameworks */ = {
			isa = PBXFrameworksBuildPhase;
			buildActionMask = 2147483647;
			files = (
			);
			runOnlyForDeploymentPostprocessing = 0;
		};
		1E0980C51D9BD04300AD4189 /* Frameworks */ = {
			isa = PBXFrameworksBuildPhase;
			buildActionMask = 2147483647;
			files = (
			);
			runOnlyForDeploymentPostprocessing = 0;
		};
/* End PBXFrameworksBuildPhase section */

/* Begin PBXGroup section */
		1E0980A01D9BD04300AD4189 = {
			isa = PBXGroup;
			children = (
				1E0980AB1D9BD04300AD4189 /* movingLed */,
				1E0980C01D9BD04300AD4189 /* movingLedTests */,
				1E0980CB1D9BD04300AD4189 /* movingLedUITests */,
				1E0980AA1D9BD04300AD4189 /* Products */,
			);
			sourceTree = "<group>";
		};
		1E0980AA1D9BD04300AD4189 /* Products */ = {
			isa = PBXGroup;
			children = (
				1E0980A91D9BD04300AD4189 /* movingLed.app */,
				1E0980BD1D9BD04300AD4189 /* movingLedTests.xctest */,
				1E0980C81D9BD04300AD4189 /* movingLedUITests.xctest */,
			);
			name = Products;
			sourceTree = "<group>";
		};
		1E0980AB1D9BD04300AD4189 /* movingLed */ = {
			isa = PBXGroup;
			children = (
				1E0980AC1D9BD04300AD4189 /* AppDelegate.swift */,
				1E0980AE1D9BD04300AD4189 /* ViewController.swift */,
				1E0980B01D9BD04300AD4189 /* Main.storyboard */,
				1E0980B31D9BD04300AD4189 /* Assets.xcassets */,
				1E0980B51D9BD04300AD4189 /* LaunchScreen.storyboard */,
				1E0980B81D9BD04300AD4189 /* Info.plist */,
			);
			path = movingLed;
			sourceTree = "<group>";
		};
		1E0980C01D9BD04300AD4189 /* movingLedTests */ = {
			isa = PBXGroup;
			children = (
				1E0980C11D9BD04300AD4189 /* movingLedTests.swift */,
				1E0980C31D9BD04300AD4189 /* Info.plist */,
			);
			path = movingLedTests;
			sourceTree = "<group>";
		};
		1E0980CB1D9BD04300AD4189 /* movingLedUITests */ = {
			isa = PBXGroup;
			children = (
				1E0980CC1D9BD04300AD4189 /* movingLedUITests.swift */,
				1E0980CE1D9BD04300AD4189 /* Info.plist */,
			);
			path = movingLedUITests;
			sourceTree = "<group>";
		};
/* End PBXGroup section */

/* Begin PBXNativeTarget section */
		1E0980A81D9BD04300AD4189 /* movingLed */ = {
			isa = PBXNativeTarget;
			buildConfigurationList = 1E0980D11D9BD04300AD4189 /* Build configuration list for PBXNativeTarget "movingLed" */;
			buildPhases = (
				1E0980A51D9BD04300AD4189 /* Sources */,
				1E0980A61D9BD04300AD4189 /* Frameworks */,
				1E0980A71D9BD04300AD4189 /* Resources */,
			);
			buildRules = (
			);
			dependencies = (
			);
			name = movingLed;
			productName = movingLed;
			productReference = 1E0980A91D9BD04300AD4189 /* movingLed.app */;
			productType = "com.apple.product-type.application";
		};
		1E0980BC1D9BD04300AD4189 /* movingLedTests */ = {
			isa = PBXNativeTarget;
			buildConfigurationList = 1E0980D41D9BD04300AD4189 /* Build configuration list for PBXNativeTarget "movingLedTests" */;
			buildPhases = (
				1E0980B91D9BD04300AD4189 /* Sources */,
				1E0980BA1D9BD04300AD4189 /* Frameworks */,
				1E0980BB1D9BD04300AD4189 /* Resources */,
			);
			buildRules = (
			);
			dependencies = (
				1E0980BF1D9BD04300AD4189 /* PBXTargetDependency */,
			);
			name = movingLedTests;
			productName = movingLedTests;
			productReference = 1E0980BD1D9BD04300AD4189 /* movingLedTests.xctest */;
			productType = "com.apple.product-type.bundle.unit-test";
		};
		1E0980C71D9BD04300AD4189 /* movingLedUITests */ = {
			isa = PBXNativeTarget;
			buildConfigurationList = 1E0980D71D9BD04300AD4189 /* Build configuration list for PBXNativeTarget "movingLedUITests" */;
			buildPhases = (
				1E0980C41D9BD04300AD4189 /* Sources */,
				1E0980C51D9BD04300AD4189 /* Frameworks */,
				1E0980C61D9BD04300AD4189 /* Resources */,
			);
			buildRules = (
			);
			dependencies = (
				1E0980CA1D9BD04300AD4189 /* PBXTargetDependency */,
			);
			name = movingLedUITests;
			productName = movingLedUITests;
			productReference = 1E0980C81D9BD04300AD4189 /* movingLedUITests.xctest */;
			productType = "com.apple.product-type.bundle.ui-testing";
		};
/* End PBXNativeTarget section */

/* Begin PBXProject section */
		1E0980A11D9BD04300AD4189 /* Project object */ = {
			isa = PBXProject;
			attributes = {
				LastSwiftUpdateCheck = 0800;
				LastUpgradeCheck = 0800;
				ORGANIZATIONNAME = "iOS Student";
				TargetAttributes = {
					1E0980A81D9BD04300AD4189 = {
						CreatedOnToolsVersion = 8.0;
						ProvisioningStyle = Automatic;
					};
					1E0980BC1D9BD04300AD4189 = {
						CreatedOnToolsVersion = 8.0;
						ProvisioningStyle = Automatic;
						TestTargetID = 1E0980A81D9BD04300AD4189;
					};
					1E0980C71D9BD04300AD4189 = {
						CreatedOnToolsVersion = 8.0;
						ProvisioningStyle = Automatic;
						TestTargetID = 1E0980A81D9BD04300AD4189;
					};
				};
			};
			buildConfigurationList = 1E0980A41D9BD04300AD4189 /* Build configuration list for PBXProject "movingLed" */;
			compatibilityVersion = "Xcode 3.2";
			developmentRegion = English;
			hasScannedForEncodings = 0;
			knownRegions = (
				en,
				Base,
			);
			mainGroup = 1E0980A01D9BD04300AD4189;
			productRefGroup = 1E0980AA1D9BD04300AD4189 /* Products */;
			projectDirPath = "";
			projectRoot = "";
			targets = (
				1E0980A81D9BD04300AD4189 /* movingLed */,
				1E0980BC1D9BD04300AD4189 /* movingLedTests */,
				1E0980C71D9BD04300AD4189 /* movingLedUITests */,
			);
		};
/* End PBXProject section */

/* Begin PBXResourcesBuildPhase section */
		1E0980A71D9BD04300AD4189 /* Resources */ = {
			isa = PBXResourcesBuildPhase;
			buildActionMask = 2147483647;
			files = (
				1E0980B71D9BD04300AD4189 /* LaunchScreen.storyboard in Resources */,
				1E0980B41D9BD04300AD4189 /* Assets.xcassets in Resources */,
				1E0980B21D9BD04300AD4189 /* Main.storyboard in Resources */,
			);
			runOnlyForDeploymentPostprocessing = 0;
		};
		1E0980BB1D9BD04300AD4189 /* Resources */ = {
			isa = PBXResourcesBuildPhase;
			buildActionMask = 2147483647;
			files = (
			);
			runOnlyForDeploymentPostprocessing = 0;
		};
		1E0980C61D9BD04300AD4189 /* Resources */ = {
			isa = PBXResourcesBuildPhase;
			buildActionMask = 2147483647;
			files = (
			);
			runOnlyForDeploymentPostprocessing = 0;
		};
/* End PBXResourcesBuildPhase section */

/* Begin PBXSourcesBuildPhase section */
		1E0980A51D9BD04300AD4189 /* Sources */ = {
			isa = PBXSourcesBuildPhase;
			buildActionMask = 2147483647;
			files = (
				1E0980AF1D9BD04300AD4189 /* ViewController.swift in Sources */,
				1E0980AD1D9BD04300AD4189 /* AppDelegate.swift in Sources */,
			);
			runOnlyForDeploymentPostprocessing = 0;
		};
		1E0980B91D9BD04300AD4189 /* Sources */ = {
			isa = PBXSourcesBuildPhase;
			buildActionMask = 2147483647;
			files = (
				1E0980C21D9BD04300AD4189 /* movingLedTests.swift in Sources */,
			);
			runOnlyForDeploymentPostprocessing = 0;
		};
		1E0980C41D9BD04300AD4189 /* Sources */ = {
			isa = PBXSourcesBuildPhase;
			buildActionMask = 2147483647;
			files = (
				1E0980CD1D9BD04300AD4189 /* movingLedUITests.swift in Sources */,
			);
			runOnlyForDeploymentPostprocessing = 0;
		};
/* End PBXSourcesBuildPhase section */

/* Begin PBXTargetDependency section */
		1E0980BF1D9BD04300AD4189 /* PBXTargetDependency */ = {
			isa = PBXTargetDependency;
			target = 1E0980A81D9BD04300AD4189 /* movingLed */;
			targetProxy = 1E0980BE1D9BD04300AD4189 /* PBXContainerItemProxy */;
		};
		1E0980CA1D9BD04300AD4189 /* PBXTargetDependency */ = {
			isa = PBXTargetDependency;
			target = 1E0980A81D9BD04300AD4189 /* movingLed */;
			targetProxy = 1E0980C91D9BD04300AD4189 /* PBXContainerItemProxy */;
		};
/* End PBXTargetDependency section */

/* Begin PBXVariantGroup section */
		1E0980B01D9BD04300AD4189 /* Main.storyboard */ = {
			isa = PBXVariantGroup;
			children = (
				1E0980B11D9BD04300AD4189 /* Base */,
			);
			name = Main.storyboard;
			sourceTree = "<group>";
		};
		1E0980B51D9BD04300AD4189 /* LaunchScreen.storyboard */ = {
			isa = PBXVariantGroup;
			children = (
				1E0980B61D9BD04300AD4189 /* Base */,
			);
			name = LaunchScreen.storyboard;
			sourceTree = "<group>";
		};
/* End PBXVariantGroup section */

/* Begin XCBuildConfiguration section */
		1E0980CF1D9BD04300AD4189 /* Debug */ = {
			isa = XCBuildConfiguration;
			buildSettings = {
				ALWAYS_SEARCH_USER_PATHS = NO;
				CLANG_ANALYZER_NONNULL = YES;
				CLANG_CXX_LANGUAGE_STANDARD = "gnu++0x";
				CLANG_CXX_LIBRARY = "libc++";
				CLANG_ENABLE_MODULES = YES;
				CLANG_ENABLE_OBJC_ARC = YES;
				CLANG_WARN_BOOL_CONVERSION = YES;
				CLANG_WARN_CONSTANT_CONVERSION = YES;
				CLANG_WARN_DIRECT_OBJC_ISA_USAGE = YES_ERROR;
				CLANG_WARN_DOCUMENTATION_COMMENTS = YES;
				CLANG_WARN_EMPTY_BODY = YES;
				CLANG_WARN_ENUM_CONVERSION = YES;
				CLANG_WARN_INFINITE_RECURSION = YES;
				CLANG_WARN_INT_CONVERSION = YES;
				CLANG_WARN_OBJC_ROOT_CLASS = YES_ERROR;
				CLANG_WARN_SUSPICIOUS_MOVES = YES;
				CLANG_WARN_UNREACHABLE_CODE = YES;
				CLANG_WARN__DUPLICATE_METHOD_MATCH = YES;
				"CODE_SIGN_IDENTITY[sdk=iphoneos*]" = "iPhone Developer";
				COPY_PHASE_STRIP = NO;
				DEBUG_INFORMATION_FORMAT = dwarf;
				ENABLE_STRICT_OBJC_MSGSEND = YES;
				ENABLE_TESTABILITY = YES;
				GCC_C_LANGUAGE_STANDARD = gnu99;
				GCC_DYNAMIC_NO_PIC = NO;
				GCC_NO_COMMON_BLOCKS = YES;
				GCC_OPTIMIZATION_LEVEL = 0;
				GCC_PREPROCESSOR_DEFINITIONS = (
					"DEBUG=1",
					"$(inherited)",
				);
				GCC_WARN_64_TO_32_BIT_CONVERSION = YES;
				GCC_WARN_ABOUT_RETURN_TYPE = YES_ERROR;
				GCC_WARN_UNDECLARED_SELECTOR = YES;
				GCC_WARN_UNINITIALIZED_AUTOS = YES_AGGRESSIVE;
				GCC_WARN_UNUSED_FUNCTION = YES;
				GCC_WARN_UNUSED_VARIABLE = YES;
				IPHONEOS_DEPLOYMENT_TARGET = 10.0;
				MTL_ENABLE_DEBUG_INFO = YES;
				ONLY_ACTIVE_ARCH = YES;
				SDKROOT = iphoneos;
				SWIFT_ACTIVE_COMPILATION_CONDITIONS = DEBUG;
				SWIFT_OPTIMIZATION_LEVEL = "-Onone";
				TARGETED_DEVICE_FAMILY = "1,2";
			};
			name = Debug;
		};
		1E0980D01D9BD04300AD4189 /* Release */ = {
			isa = XCBuildConfiguration;
			buildSettings = {
				ALWAYS_SEARCH_USER_PATHS = NO;
				CLANG_ANALYZER_NONNULL = YES;
				CLANG_CXX_LANGUAGE_STANDARD = "gnu++0x";
				CLANG_CXX_LIBRARY = "libc++";
				CLANG_ENABLE_MODULES = YES;
				CLANG_ENABLE_OBJC_ARC = YES;
				CLANG_WARN_BOOL_CONVERSION = YES;
				CLANG_WARN_CONSTANT_CONVERSION = YES;
				CLANG_WARN_DIRECT_OBJC_ISA_USAGE = YES_ERROR;
				CLANG_WARN_DOCUMENTATION_COMMENTS = YES;
				CLANG_WARN_EMPTY_BODY = YES;
				CLANG_WARN_ENUM_CONVERSION = YES;
				CLANG_WARN_INFINITE_RECURSION = YES;
				CLANG_WARN_INT_CONVERSION = YES;
				CLANG_WARN_OBJC_ROOT_CLASS = YES_ERROR;
				CLANG_WARN_SUSPICIOUS_MOVES = YES;
				CLANG_WARN_UNREACHABLE_CODE = YES;
				CLANG_WARN__DUPLICATE_METHOD_MATCH = YES;
				"CODE_SIGN_IDENTITY[sdk=iphoneos*]" = "iPhone Developer";
				COPY_PHASE_STRIP = NO;
				DEBUG_INFORMATION_FORMAT = "dwarf-with-dsym";
				ENABLE_NS_ASSERTIONS = NO;
				ENABLE_STRICT_OBJC_MSGSEND = YES;
				GCC_C_LANGUAGE_STANDARD = gnu99;
				GCC_NO_COMMON_BLOCKS = YES;
				GCC_WARN_64_TO_32_BIT_CONVERSION = YES;
				GCC_WARN_ABOUT_RETURN_TYPE = YES_ERROR;
				GCC_WARN_UNDECLARED_SELECTOR = YES;
				GCC_WARN_UNINITIALIZED_AUTOS = YES_AGGRESSIVE;
				GCC_WARN_UNUSED_FUNCTION = YES;
				GCC_WARN_UNUSED_VARIABLE = YES;
				IPHONEOS_DEPLOYMENT_TARGET = 10.0;
				MTL_ENABLE_DEBUG_INFO = NO;
				SDKROOT = iphoneos;
				SWIFT_OPTIMIZATION_LEVEL = "-Owholemodule";
				TARGETED_DEVICE_FAMILY = "1,2";
				VALIDATE_PRODUCT = YES;
			};
			name = Release;
		};
		1E0980D21D9BD04300AD4189 /* Debug */ = {
			isa = XCBuildConfiguration;
			buildSettings = {
				ASSETCATALOG_COMPILER_APPICON_NAME = AppIcon;
				INFOPLIST_FILE = movingLed/Info.plist;
				LD_RUNPATH_SEARCH_PATHS = "$(inherited) @executable_path/Frameworks";
				PRODUCT_BUNDLE_IDENTIFIER = "-23.movingLed";
				PRODUCT_NAME = "$(TARGET_NAME)";
				SWIFT_VERSION = 3.0;
			};
			name = Debug;
		};
		1E0980D31D9BD04300AD4189 /* Release */ = {
			isa = XCBuildConfiguration;
			buildSettings = {
				ASSETCATALOG_COMPILER_APPICON_NAME = AppIcon;
				INFOPLIST_FILE = movingLed/Info.plist;
				LD_RUNPATH_SEARCH_PATHS = "$(inherited) @executable_path/Frameworks";
				PRODUCT_BUNDLE_IDENTIFIER = "-23.movingLed";
				PRODUCT_NAME = "$(TARGET_NAME)";
				SWIFT_VERSION = 3.0;
			};
			name = Release;
		};
		1E0980D51D9BD04300AD4189 /* Debug */ = {
			isa = XCBuildConfiguration;
			buildSettings = {
				ALWAYS_EMBED_SWIFT_STANDARD_LIBRARIES = YES;
				BUNDLE_LOADER = "$(TEST_HOST)";
				INFOPLIST_FILE = movingLedTests/Info.plist;
				LD_RUNPATH_SEARCH_PATHS = "$(inherited) @executable_path/Frameworks @loader_path/Frameworks";
				PRODUCT_BUNDLE_IDENTIFIER = "-23.movingLedTests";
				PRODUCT_NAME = "$(TARGET_NAME)";
				SWIFT_VERSION = 3.0;
				TEST_HOST = "$(BUILT_PRODUCTS_DIR)/movingLed.app/movingLed";
			};
			name = Debug;
		};
		1E0980D61D9BD04300AD4189 /* Release */ = {
			isa = XCBuildConfiguration;
			buildSettings = {
				ALWAYS_EMBED_SWIFT_STANDARD_LIBRARIES = YES;
				BUNDLE_LOADER = "$(TEST_HOST)";
				INFOPLIST_FILE = movingLedTests/Info.plist;
				LD_RUNPATH_SEARCH_PATHS = "$(inherited) @executable_path/Frameworks @loader_path/Frameworks";
				PRODUCT_BUNDLE_IDENTIFIER = "-23.movingLedTests";
				PRODUCT_NAME = "$(TARGET_NAME)";
				SWIFT_VERSION = 3.0;
				TEST_HOST = "$(BUILT_PRODUCTS_DIR)/movingLed.app/movingLed";
			};
			name = Release;
		};
		1E0980D81D9BD04300AD4189 /* Debug */ = {
			isa = XCBuildConfiguration;
			buildSettings = {
				ALWAYS_EMBED_SWIFT_STANDARD_LIBRARIES = YES;
				INFOPLIST_FILE = movingLedUITests/Info.plist;
				LD_RUNPATH_SEARCH_PATHS = "$(inherited) @executable_path/Frameworks @loader_path/Frameworks";
				PRODUCT_BUNDLE_IDENTIFIER = "-23.movingLedUITests";
				PRODUCT_NAME = "$(TARGET_NAME)";
				SWIFT_VERSION = 3.0;
				TEST_TARGET_NAME = movingLed;
			};
			name = Debug;
		};
		1E0980D91D9BD04300AD4189 /* Release */ = {
			isa = XCBuildConfiguration;
			buildSettings = {
				ALWAYS_EMBED_SWIFT_STANDARD_LIBRARIES = YES;
				INFOPLIST_FILE = movingLedUITests/Info.plist;
				LD_RUNPATH_SEARCH_PATHS = "$(inherited) @executable_path/Frameworks @loader_path/Frameworks";
				PRODUCT_BUNDLE_IDENTIFIER = "-23.movingLedUITests";
				PRODUCT_NAME = "$(TARGET_NAME)";
				SWIFT_VERSION = 3.0;
				TEST_TARGET_NAME = movingLed;
			};
			name = Release;
		};
/* End XCBuildConfiguration section */

/* Begin XCConfigurationList section */
		1E0980A41D9BD04300AD4189 /* Build configuration list for PBXProject "movingLed" */ = {
			isa = XCConfigurationList;
			buildConfigurations = (
				1E0980CF1D9BD04300AD4189 /* Debug */,
				1E0980D01D9BD04300AD4189 /* Release */,
			);
			defaultConfigurationIsVisible = 0;
			defaultConfigurationName = Release;
		};
		1E0980D11D9BD04300AD4189 /* Build configuration list for PBXNativeTarget "movingLed" */ = {
			isa = XCConfigurationList;
			buildConfigurations = (
				1E0980D21D9BD04300AD4189 /* Debug */,
				1E0980D31D9BD04300AD4189 /* Release */,
			);
			defaultConfigurationIsVisible = 0;
		};
		1E0980D41D9BD04300AD4189 /* Build configuration list for PBXNativeTarget "movingLedTests" */ = {
			isa = XCConfigurationList;
			buildConfigurations = (
				1E0980D51D9BD04300AD4189 /* Debug */,
				1E0980D61D9BD04300AD4189 /* Release */,
			);
			defaultConfigurationIsVisible = 0;
		};
		1E0980D71D9BD04300AD4189 /* Build configuration list for PBXNativeTarget "movingLedUITests" */ = {
			isa = XCConfigurationList;
			buildConfigurations = (
				1E0980D81D9BD04300AD4189 /* Debug */,
				1E0980D91D9BD04300AD4189 /* Release */,
			);
			defaultConfigurationIsVisible = 0;
		};
/* End XCConfigurationList section */
	};
	rootObject = 1E0980A11D9BD04300AD4189 /* Project object */;
}
